
Microsoft Visual Studio Solution File, Format Version 12.00
# Visual Studio 2012
Project("{FAE04EC0-301F-11D3-BF4B-00C04F79EFBC}") = "ESNAJ", "ESNAJ\ESNAJ.csproj", "{37DB26C0-9172-4855-B1DE-7F6DDA7EBFFE}"
EndProject
Global
	GlobalSection(SolutionConfigurationPlatforms) = preSolution
		Debug|Any CPU = Debug|Any CPU
		Release|Any CPU = Release|Any CPU
	EndGlobalSection
	GlobalSection(ProjectConfigurationPlatforms) = postSolution
		{37DB26C0-9172-4855-B1DE-7F6DDA7EBFFE}.Debug|Any CPU.ActiveCfg = Debug|Any CPU
		{37DB26C0-9172-4855-B1DE-7F6DDA7EBFFE}.Debug|Any CPU.Build.0 = Debug|Any CPU
		{37DB26C0-9172-4855-B1DE-7F6DDA7EBFFE}.Release|Any CPU.ActiveCfg = Release|Any CPU
		{37DB26C0-9172-4855-B1DE-7F6DDA7EBFFE}.Release|Any CPU.Build.0 = Release|Any CPU
	EndGlobalSection
	GlobalSection(SolutionProperties) = preSolution
		HideSolutionNode = FALSE
	EndGlobalSection
EndGlobal
